
Microsoft Visual Studio Solution File, Format Version 12.00
# Visual Studio Version 17
VisualStudioVersion = 17.5.002.0
MinimumVisualStudioVersion = 10.0.40219.1
Project("{2150E333-8FDC-42A3-9474-1A3956D46DE8}") = "Projects", "Projects", "{42F73200-9A1D-452B-9BE8-7E4F19DB1920}"
EndProject
Project("{9A19103F-16F7-4668-BE54-9A1E7A4F7556}") = "Challenge_MiniGame", "Projects\Challenge_MiniGame\Challenge_MiniGame.csproj", "{A42A5459-12D0-4122-BE6A-ED2D548C3F3A}"
EndProject
Project("{9A19103F-16F7-4668-BE54-9A1E7A4F7556}") = "Guided_ZooVisit", "Projects\Guided_ZooVisit\Guided_ZooVisit.csproj", "{D358E6FC-0ABB-4A1F-B17B-FDC003A2D763}"
EndProject
Project("{2150E333-8FDC-42A3-9474-1A3956D46DE8}") = "Courses", "Courses", "{CEB74991-BC52-4E4E-B036-5CE06E73D07D}"
EndProject
Project("{9A19103F-16F7-4668-BE54-9A1E7A4F7556}") = "TestProject", "Courses\TestProject\TestProject.csproj", "{D383FF83-3102-4C72-9BED-0F23C0F3BB41}"
EndProject
Project("{9A19103F-16F7-4668-BE54-9A1E7A4F7556}") = "Console_Apps", "Courses\Console_Apps\Console_Apps.csproj", "{6BEF848C-6F19-4B64-8ED9-672E73EC0B48}"
EndProject
Project("{9A19103F-16F7-4668-BE54-9A1E7A4F7556}") = "Arrays_Extra", "Courses\Arrays_Extra\Arrays_Extra.csproj", "{A44CB95D-CBA8-4F7B-ADC0-CB409E2DA0E1}"
EndProject
Project("{2150E333-8FDC-42A3-9474-1A3956D46DE8}") = "ChallengeProject", "ChallengeProject", "{CEF7609E-BDB9-40F0-9943-A6EB403BF8EF}"
EndProject
Project("{9A19103F-16F7-4668-BE54-9A1E7A4F7556}") = "Starter", "Courses\ChallengeProject\Starter\Starter.csproj", "{5405327F-17F9-4609-91F0-C2B1B3166E12}"
EndProject
Project("{9A19103F-16F7-4668-BE54-9A1E7A4F7556}") = "Final", "Courses\ChallengeProject\Final\Final.csproj", "{2226A5CC-884E-4C5F-AA46-496A9DA3260E}"
EndProject
Project("{2150E333-8FDC-42A3-9474-1A3956D46DE8}") = "ChallengeProject2", "ChallengeProject2", "{DEBE9FF9-0181-4698-8D92-42F6D6E04345}"
EndProject
Project("{9A19103F-16F7-4668-BE54-9A1E7A4F7556}") = "Starter", "Courses\ChallengeProject2\Starter\Starter.csproj", "{DFFA299C-0579-4824-8F75-240A75740536}"
EndProject
Project("{9A19103F-16F7-4668-BE54-9A1E7A4F7556}") = "Final", "Courses\ChallengeProject2\Final\Final.csproj", "{9D402571-6AA2-44A6-B97F-5D9C5CAD9D38}"
EndProject
Project("{2150E333-8FDC-42A3-9474-1A3956D46DE8}") = "GuidedProject2", "GuidedProject2", "{EF88E5EC-30C3-4453-B251-13D89898B80F}"
EndProject
Project("{9A19103F-16F7-4668-BE54-9A1E7A4F7556}") = "Starter", "Courses\GuidedProject2\Starter\Starter.csproj", "{C57B44E4-79BD-4DC0-A27F-76E762F99053}"
EndProject
Project("{9A19103F-16F7-4668-BE54-9A1E7A4F7556}") = "Final", "Courses\GuidedProject2\Final\Final.csproj", "{83CFA74C-03B2-448A-B815-41BB48847F62}"
EndProject
Project("{2150E333-8FDC-42A3-9474-1A3956D46DE8}") = "GuidedProject", "GuidedProject", "{46C602D5-6560-4DF9-BEA9-02CE1D8B1F81}"
EndProject
Project("{9A19103F-16F7-4668-BE54-9A1E7A4F7556}") = "Starter", "Courses\GuidedProject\Starter\Starter.csproj", "{CC640D3D-0CE2-467E-82AB-502B14A016B5}"
EndProject
Project("{9A19103F-16F7-4668-BE54-9A1E7A4F7556}") = "Final", "Courses\GuidedProject\Final\Final.csproj", "{763C3652-31A8-4E78-9E3B-7642C149EB6A}"
EndProject
Global
	GlobalSection(SolutionConfigurationPlatforms) = preSolution
		Debug|Any CPU = Debug|Any CPU
		Release|Any CPU = Release|Any CPU
	EndGlobalSection
	GlobalSection(ProjectConfigurationPlatforms) = postSolution
		{A42A5459-12D0-4122-BE6A-ED2D548C3F3A}.Debug|Any CPU.ActiveCfg = Debug|Any CPU
		{A42A5459-12D0-4122-BE6A-ED2D548C3F3A}.Debug|Any CPU.Build.0 = Debug|Any CPU
		{A42A5459-12D0-4122-BE6A-ED2D548C3F3A}.Release|Any CPU.ActiveCfg = Release|Any CPU
		{A42A5459-12D0-4122-BE6A-ED2D548C3F3A}.Release|Any CPU.Build.0 = Release|Any CPU
		{D358E6FC-0ABB-4A1F-B17B-FDC003A2D763}.Debug|Any CPU.ActiveCfg = Debug|Any CPU
		{D358E6FC-0ABB-4A1F-B17B-FDC003A2D763}.Debug|Any CPU.Build.0 = Debug|Any CPU
		{D358E6FC-0ABB-4A1F-B17B-FDC003A2D763}.Release|Any CPU.ActiveCfg = Release|Any CPU
		{D358E6FC-0ABB-4A1F-B17B-FDC003A2D763}.Release|Any CPU.Build.0 = Release|Any CPU
		{D383FF83-3102-4C72-9BED-0F23C0F3BB41}.Debug|Any CPU.ActiveCfg = Debug|Any CPU
		{D383FF83-3102-4C72-9BED-0F23C0F3BB41}.Debug|Any CPU.Build.0 = Debug|Any CPU
		{D383FF83-3102-4C72-9BED-0F23C0F3BB41}.Release|Any CPU.ActiveCfg = Release|Any CPU
		{D383FF83-3102-4C72-9BED-0F23C0F3BB41}.Release|Any CPU.Build.0 = Release|Any CPU
		{6BEF848C-6F19-4B64-8ED9-672E73EC0B48}.Debug|Any CPU.ActiveCfg = Debug|Any CPU
		{6BEF848C-6F19-4B64-8ED9-672E73EC0B48}.Debug|Any CPU.Build.0 = Debug|Any CPU
		{6BEF848C-6F19-4B64-8ED9-672E73EC0B48}.Release|Any CPU.ActiveCfg = Release|Any CPU
		{6BEF848C-6F19-4B64-8ED9-672E73EC0B48}.Release|Any CPU.Build.0 = Release|Any CPU
		{A44CB95D-CBA8-4F7B-ADC0-CB409E2DA0E1}.Debug|Any CPU.ActiveCfg = Debug|Any CPU
		{A44CB95D-CBA8-4F7B-ADC0-CB409E2DA0E1}.Debug|Any CPU.Build.0 = Debug|Any CPU
		{A44CB95D-CBA8-4F7B-ADC0-CB409E2DA0E1}.Release|Any CPU.ActiveCfg = Release|Any CPU
		{A44CB95D-CBA8-4F7B-ADC0-CB409E2DA0E1}.Release|Any CPU.Build.0 = Release|Any CPU
		{5405327F-17F9-4609-91F0-C2B1B3166E12}.Debug|Any CPU.ActiveCfg = Debug|Any CPU
		{5405327F-17F9-4609-91F0-C2B1B3166E12}.Debug|Any CPU.Build.0 = Debug|Any CPU
		{5405327F-17F9-4609-91F0-C2B1B3166E12}.Release|Any CPU.ActiveCfg = Release|Any CPU
		{5405327F-17F9-4609-91F0-C2B1B3166E12}.Release|Any CPU.Build.0 = Release|Any CPU
		{2226A5CC-884E-4C5F-AA46-496A9DA3260E}.Debug|Any CPU.ActiveCfg = Debug|Any CPU
		{2226A5CC-884E-4C5F-AA46-496A9DA3260E}.Debug|Any CPU.Build.0 = Debug|Any CPU
		{2226A5CC-884E-4C5F-AA46-496A9DA3260E}.Release|Any CPU.ActiveCfg = Release|Any CPU
		{2226A5CC-884E-4C5F-AA46-496A9DA3260E}.Release|Any CPU.Build.0 = Release|Any CPU
		{DFFA299C-0579-4824-8F75-240A75740536}.Debug|Any CPU.ActiveCfg = Debug|Any CPU
		{DFFA299C-0579-4824-8F75-240A75740536}.Debug|Any CPU.Build.0 = Debug|Any CPU
		{DFFA299C-0579-4824-8F75-240A75740536}.Release|Any CPU.ActiveCfg = Release|Any CPU
		{DFFA299C-0579-4824-8F75-240A75740536}.Release|Any CPU.Build.0 = Release|Any CPU
		{9D402571-6AA2-44A6-B97F-5D9C5CAD9D38}.Debug|Any CPU.ActiveCfg = Debug|Any CPU
		{9D402571-6AA2-44A6-B97F-5D9C5CAD9D38}.Debug|Any CPU.Build.0 = Debug|Any CPU
		{9D402571-6AA2-44A6-B97F-5D9C5CAD9D38}.Release|Any CPU.ActiveCfg = Release|Any CPU
		{9D402571-6AA2-44A6-B97F-5D9C5CAD9D38}.Release|Any CPU.Build.0 = Release|Any CPU
		{C57B44E4-79BD-4DC0-A27F-76E762F99053}.Debug|Any CPU.ActiveCfg = Debug|Any CPU
		{C57B44E4-79BD-4DC0-A27F-76E762F99053}.Debug|Any CPU.Build.0 = Debug|Any CPU
		{C57B44E4-79BD-4DC0-A27F-76E762F99053}.Release|Any CPU.ActiveCfg = Release|Any CPU
		{C57B44E4-79BD-4DC0-A27F-76E762F99053}.Release|Any CPU.Build.0 = Release|Any CPU
		{83CFA74C-03B2-448A-B815-41BB48847F62}.Debug|Any CPU.ActiveCfg = Debug|Any CPU
		{83CFA74C-03B2-448A-B815-41BB48847F62}.Debug|Any CPU.Build.0 = Debug|Any CPU
		{83CFA74C-03B2-448A-B815-41BB48847F62}.Release|Any CPU.ActiveCfg = Release|Any CPU
		{83CFA74C-03B2-448A-B815-41BB48847F62}.Release|Any CPU.Build.0 = Release|Any CPU
		{CC640D3D-0CE2-467E-82AB-502B14A016B5}.Debug|Any CPU.ActiveCfg = Debug|Any CPU
		{CC640D3D-0CE2-467E-82AB-502B14A016B5}.Debug|Any CPU.Build.0 = Debug|Any CPU
		{CC640D3D-0CE2-467E-82AB-502B14A016B5}.Release|Any CPU.ActiveCfg = Release|Any CPU
		{CC640D3D-0CE2-467E-82AB-502B14A016B5}.Release|Any CPU.Build.0 = Release|Any CPU
		{763C3652-31A8-4E78-9E3B-7642C149EB6A}.Debug|Any CPU.ActiveCfg = Debug|Any CPU
		{763C3652-31A8-4E78-9E3B-7642C149EB6A}.Debug|Any CPU.Build.0 = Debug|Any CPU
		{763C3652-31A8-4E78-9E3B-7642C149EB6A}.Release|Any CPU.ActiveCfg = Release|Any CPU
		{763C3652-31A8-4E78-9E3B-7642C149EB6A}.Release|Any CPU.Build.0 = Release|Any CPU
	EndGlobalSection
	GlobalSection(SolutionProperties) = preSolution
		HideSolutionNode = FALSE
	EndGlobalSection
	GlobalSection(NestedProjects) = preSolution
		{A42A5459-12D0-4122-BE6A-ED2D548C3F3A} = {42F73200-9A1D-452B-9BE8-7E4F19DB1920}
		{D358E6FC-0ABB-4A1F-B17B-FDC003A2D763} = {42F73200-9A1D-452B-9BE8-7E4F19DB1920}
		{D383FF83-3102-4C72-9BED-0F23C0F3BB41} = {CEB74991-BC52-4E4E-B036-5CE06E73D07D}
		{6BEF848C-6F19-4B64-8ED9-672E73EC0B48} = {CEB74991-BC52-4E4E-B036-5CE06E73D07D}
		{A44CB95D-CBA8-4F7B-ADC0-CB409E2DA0E1} = {CEB74991-BC52-4E4E-B036-5CE06E73D07D}
		{CEF7609E-BDB9-40F0-9943-A6EB403BF8EF} = {CEB74991-BC52-4E4E-B036-5CE06E73D07D}
		{5405327F-17F9-4609-91F0-C2B1B3166E12} = {CEF7609E-BDB9-40F0-9943-A6EB403BF8EF}
		{2226A5CC-884E-4C5F-AA46-496A9DA3260E} = {CEF7609E-BDB9-40F0-9943-A6EB403BF8EF}
		{DEBE9FF9-0181-4698-8D92-42F6D6E04345} = {CEB74991-BC52-4E4E-B036-5CE06E73D07D}
		{DFFA299C-0579-4824-8F75-240A75740536} = {DEBE9FF9-0181-4698-8D92-42F6D6E04345}
		{9D402571-6AA2-44A6-B97F-5D9C5CAD9D38} = {DEBE9FF9-0181-4698-8D92-42F6D6E04345}
		{EF88E5EC-30C3-4453-B251-13D89898B80F} = {CEB74991-BC52-4E4E-B036-5CE06E73D07D}
		{C57B44E4-79BD-4DC0-A27F-76E762F99053} = {EF88E5EC-30C3-4453-B251-13D89898B80F}
		{83CFA74C-03B2-448A-B815-41BB48847F62} = {EF88E5EC-30C3-4453-B251-13D89898B80F}
		{46C602D5-6560-4DF9-BEA9-02CE1D8B1F81} = {CEB74991-BC52-4E4E-B036-5CE06E73D07D}
		{CC640D3D-0CE2-467E-82AB-502B14A016B5} = {46C602D5-6560-4DF9-BEA9-02CE1D8B1F81}
		{763C3652-31A8-4E78-9E3B-7642C149EB6A} = {46C602D5-6560-4DF9-BEA9-02CE1D8B1F81}
	EndGlobalSection
	GlobalSection(ExtensibilityGlobals) = postSolution
		SolutionGuid = {1EC79262-73FC-48D5-AA76-CB013E843044}
	EndGlobalSection
EndGlobal
